{
  "version": 4,
  "terraform_version": "1.4.6",
  "serial": 205,
  "lineage": "6eed0c8f-974d-8655-d59b-cae9f530d05a",
  "outputs": {
    "internet_gateway_id": {
      "value": "igw-0e47dcac28dc96be0",
      "type": "string"
    },
    "private_subnet_ids": {
      "value": [
        "subnet-090e649923d64806d",
        "subnet-05dce844be3911796"
      ],
      "type": [
        "tuple",
        [
          "string",
          "string"
        ]
      ]
    },
    "public_subnet_ids": {
      "value": [
        "subnet-0412abb29e2720fa4",
        "subnet-053e479616c8e8edb"
      ],
      "type": [
        "tuple",
        [
          "string",
          "string"
        ]
      ]
    },
    "vpc_id": {
      "value": "vpc-0b6fb73f8c32e88c6",
      "type": "string"
    }
  },
  "resources": [
    {
      "module": "module.ecr",
      "mode": "managed",
      "type": "aws_ecr_lifecycle_policy",
      "name": "app_lifecycle",
      "provider": "provider[\"registry.terraform.io/hashicorp/aws\"]",
      "instances": [
        {
          "schema_version": 0,
          "attributes": {
            "id": "peleg-repo",
            "policy": "{\"rules\":[{\"action\":{\"type\":\"expire\"},\"description\":\"Keep last 30 images\",\"rulePriority\":1,\"selection\":{\"countNumber\":30,\"countType\":\"imageCountMoreThan\",\"tagStatus\":\"any\"}}]}",
            "registry_id": "753392824297",
            "repository": "peleg-repo"
          },
          "sensitive_attributes": [],
          "private": "bnVsbA==",
          "dependencies": [
            "module.ecr.aws_ecr_repository.app"
          ]
        }
      ]
    },
    {
      "module": "module.ecr",
      "mode": "managed",
      "type": "aws_ecr_repository",
      "name": "app",
      "provider": "provider[\"registry.terraform.io/hashicorp/aws\"]",
      "instances": [
        {
          "schema_version": 0,
          "attributes": {
            "arn": "arn:aws:ecr:eu-west-1:753392824297:repository/peleg-repo",
            "encryption_configuration": [
              {
                "encryption_type": "AES256",
                "kms_key": ""
              }
            ],
            "force_delete": false,
            "id": "peleg-repo",
            "image_scanning_configuration": [
              {
                "scan_on_push": true
              }
            ],
            "image_tag_mutability": "MUTABLE",
            "name": "peleg-repo",
            "registry_id": "753392824297",
            "repository_url": "753392824297.dkr.ecr.eu-west-1.amazonaws.com/peleg-repo",
            "tags": {
              "Environment": "dev",
              "Name": "peleg-repo"
            },
            "tags_all": {
              "Environment": "dev",
              "Name": "peleg-repo"
            },
            "timeouts": null
          },
          "sensitive_attributes": [],
          "private": "eyJlMmJmYjczMC1lY2FhLTExZTYtOGY4OC0zNDM2M2JjN2M0YzAiOnsiZGVsZXRlIjoxMjAwMDAwMDAwMDAwfX0="
        }
      ]
    },
    {
      "module": "module.ecr",
      "mode": "managed",
      "type": "aws_ecr_repository_policy",
      "name": "app_policy",
      "provider": "provider[\"registry.terraform.io/hashicorp/aws\"]",
      "instances": [
        {
          "schema_version": 0,
          "attributes": {
            "id": "peleg-repo",
            "policy": "{\"Statement\":[{\"Action\":[\"ecr:GetDownloadUrlForLayer\",\"ecr:BatchGetImage\",\"ecr:BatchCheckLayerAvailability\"],\"Effect\":\"Allow\",\"Principal\":{\"Service\":\"ecs.amazonaws.com\"},\"Sid\":\"AllowPullFromECS\"}],\"Version\":\"2012-10-17\"}",
            "registry_id": "753392824297",
            "repository": "peleg-repo"
          },
          "sensitive_attributes": [],
          "private": "bnVsbA==",
          "dependencies": [
            "module.ecr.aws_ecr_repository.app"
          ]
        }
      ]
    },
    {
      "module": "module.ecs",
      "mode": "data",
      "type": "aws_region",
      "name": "current",
      "provider": "provider[\"registry.terraform.io/hashicorp/aws\"]",
      "instances": [
        {
          "schema_version": 0,
          "attributes": {
            "description": "Europe (Ireland)",
            "endpoint": "ec2.eu-west-1.amazonaws.com",
            "id": "eu-west-1",
            "name": "eu-west-1"
          },
          "sensitive_attributes": []
        }
      ]
    },
    {
      "module": "module.ecs",
      "mode": "managed",
      "type": "aws_appautoscaling_policy",
      "name": "cpu",
      "provider": "provider[\"registry.terraform.io/hashicorp/aws\"]",
      "instances": [
        {
          "schema_version": 0,
          "attributes": {
            "alarm_arns": [
              "arn:aws:cloudwatch:eu-west-1:753392824297:alarm:TargetTracking-service/peleg-cluster/peleg-service-AlarmHigh-0b2e6b5b-7372-4144-9952-e7dd0b91ff2a",
              "arn:aws:cloudwatch:eu-west-1:753392824297:alarm:TargetTracking-service/peleg-cluster/peleg-service-AlarmLow-1cf96289-21f9-4731-ba5b-5acdc7122cd3"
            ],
            "arn": "arn:aws:autoscaling:eu-west-1:753392824297:scalingPolicy:9884f9e7-cde3-4845-971f-6d3b005f3027:resource/ecs/service/peleg-cluster/peleg-service:policyName/peleg-cpu-autoscaling",
            "id": "peleg-cpu-autoscaling",
            "name": "peleg-cpu-autoscaling",
            "policy_type": "TargetTrackingScaling",
            "resource_id": "service/peleg-cluster/peleg-service",
            "scalable_dimension": "ecs:service:DesiredCount",
            "service_namespace": "ecs",
            "step_scaling_policy_configuration": [],
            "target_tracking_scaling_policy_configuration": [
              {
                "customized_metric_specification": [],
                "disable_scale_in": false,
                "predefined_metric_specification": [
                  {
                    "predefined_metric_type": "ECSServiceAverageCPUUtilization",
                    "resource_label": ""
                  }
                ],
                "scale_in_cooldown": 0,
                "scale_out_cooldown": 0,
                "target_value": 80
              }
            ]
          },
          "sensitive_attributes": [],
          "private": "bnVsbA==",
          "dependencies": [
            "module.ecr.aws_ecr_repository.app",
            "module.ecs.aws_appautoscaling_target.ecs_target",
            "module.ecs.aws_cloudwatch_log_group.ecs_logs",
            "module.ecs.aws_ecs_cluster.main",
            "module.ecs.aws_ecs_service.app",
            "module.ecs.aws_ecs_task_definition.app",
            "module.ecs.aws_iam_role.ecs_task_execution_role",
            "module.ecs.aws_iam_role.ecs_task_role",
            "module.ecs.aws_lb.app",
            "module.ecs.aws_lb_listener.http",
            "module.ecs.aws_lb_target_group.app",
            "module.ecs.aws_security_group.alb",
            "module.ecs.aws_security_group.ecs_tasks",
            "module.ecs.data.aws_region.current",
            "module.vpc.aws_subnet.private",
            "module.vpc.aws_subnet.public",
            "module.vpc.aws_vpc.main"
          ]
        }
      ]
    },
    {
      "module": "module.ecs",
      "mode": "managed",
      "type": "aws_appautoscaling_target",
      "name": "ecs_target",
      "provider": "provider[\"registry.terraform.io/hashicorp/aws\"]",
      "instances": [
        {
          "schema_version": 0,
          "attributes": {
            "arn": "arn:aws:application-autoscaling:eu-west-1:753392824297:scalable-target/0ec59884f9e7cde34845971f6d3b005f3027",
            "id": "service/peleg-cluster/peleg-service",
            "max_capacity": 4,
            "min_capacity": 2,
            "resource_id": "service/peleg-cluster/peleg-service",
            "role_arn": "arn:aws:iam::753392824297:role/aws-service-role/ecs.application-autoscaling.amazonaws.com/AWSServiceRoleForApplicationAutoScaling_ECSService",
            "scalable_dimension": "ecs:service:DesiredCount",
            "service_namespace": "ecs",
            "suspended_state": [
              {
                "dynamic_scaling_in_suspended": false,
                "dynamic_scaling_out_suspended": false,
                "scheduled_scaling_suspended": false
              }
            ],
            "tags": null,
            "tags_all": {}
          },
          "sensitive_attributes": [],
          "private": "bnVsbA==",
          "dependencies": [
            "module.ecr.aws_ecr_repository.app",
            "module.ecs.aws_cloudwatch_log_group.ecs_logs",
            "module.ecs.aws_ecs_cluster.main",
            "module.ecs.aws_ecs_service.app",
            "module.ecs.aws_ecs_task_definition.app",
            "module.ecs.aws_iam_role.ecs_task_execution_role",
            "module.ecs.aws_iam_role.ecs_task_role",
            "module.ecs.aws_lb.app",
            "module.ecs.aws_lb_listener.http",
            "module.ecs.aws_lb_target_group.app",
            "module.ecs.aws_security_group.alb",
            "module.ecs.aws_security_group.ecs_tasks",
            "module.ecs.data.aws_region.current",
            "module.vpc.aws_subnet.private",
            "module.vpc.aws_subnet.public",
            "module.vpc.aws_vpc.main"
          ]
        }
      ]
    },
    {
      "module": "module.ecs",
      "mode": "managed",
      "type": "aws_cloudwatch_log_group",
      "name": "ecs_logs",
      "provider": "provider[\"registry.terraform.io/hashicorp/aws\"]",
      "instances": [
        {
          "schema_version": 0,
          "attributes": {
            "arn": "arn:aws:logs:eu-west-1:753392824297:log-group:/ecs/peleg",
            "id": "/ecs/peleg",
            "kms_key_id": "",
            "log_group_class": "STANDARD",
            "name": "/ecs/peleg",
            "name_prefix": "",
            "retention_in_days": 30,
            "skip_destroy": false,
            "tags": {
              "Environment": "dev",
              "Name": "peleg-logs"
            },
            "tags_all": {
              "Environment": "dev",
              "Name": "peleg-logs"
            }
          },
          "sensitive_attributes": [],
          "private": "bnVsbA=="
        }
      ]
    },
    {
      "module": "module.ecs",
      "mode": "managed",
      "type": "aws_cloudwatch_metric_alarm",
      "name": "container_errors",
      "provider": "provider[\"registry.terraform.io/hashicorp/aws\"]",
      "instances": [
        {
          "schema_version": 1,
          "attributes": {
            "actions_enabled": true,
            "alarm_actions": null,
            "alarm_description": "This metric monitors container errors",
            "alarm_name": "peleg-container-errors",
            "arn": "arn:aws:cloudwatch:eu-west-1:753392824297:alarm:peleg-container-errors",
            "comparison_operator": "GreaterThanThreshold",
            "datapoints_to_alarm": 0,
            "dimensions": {
              "ClusterName": "peleg-cluster",
              "ServiceName": "peleg-service"
            },
            "evaluate_low_sample_count_percentiles": "",
            "evaluation_periods": 1,
            "extended_statistic": "",
            "id": "peleg-container-errors",
            "insufficient_data_actions": null,
            "metric_name": "ContainerErrors",
            "metric_query": [],
            "namespace": "ECS/ContainerInsights",
            "ok_actions": null,
            "period": 300,
            "statistic": "Sum",
            "tags": {
              "Environment": "dev",
              "Name": "peleg-container-errors-alarm"
            },
            "tags_all": {
              "Environment": "dev",
              "Name": "peleg-container-errors-alarm"
            },
            "threshold": 0,
            "threshold_metric_id": "",
            "treat_missing_data": "missing",
            "unit": ""
          },
          "sensitive_attributes": [],
          "private": "eyJzY2hlbWFfdmVyc2lvbiI6IjEifQ==",
          "dependencies": [
            "module.ecr.aws_ecr_repository.app",
            "module.ecs.aws_cloudwatch_log_group.ecs_logs",
            "module.ecs.aws_ecs_cluster.main",
            "module.ecs.aws_ecs_service.app",
            "module.ecs.aws_ecs_task_definition.app",
            "module.ecs.aws_iam_role.ecs_task_execution_role",
            "module.ecs.aws_iam_role.ecs_task_role",
            "module.ecs.aws_lb.app",
            "module.ecs.aws_lb_listener.http",
            "module.ecs.aws_lb_target_group.app",
            "module.ecs.aws_security_group.alb",
            "module.ecs.aws_security_group.ecs_tasks",
            "module.ecs.data.aws_region.current",
            "module.vpc.aws_subnet.private",
            "module.vpc.aws_subnet.public",
            "module.vpc.aws_vpc.main"
          ]
        }
      ]
    },
    {
      "module": "module.ecs",
      "mode": "managed",
      "type": "aws_ecs_cluster",
      "name": "main",
      "provider": "provider[\"registry.terraform.io/hashicorp/aws\"]",
      "instances": [
        {
          "schema_version": 0,
          "attributes": {
            "arn": "arn:aws:ecs:eu-west-1:753392824297:cluster/peleg-cluster",
            "configuration": [],
            "id": "arn:aws:ecs:eu-west-1:753392824297:cluster/peleg-cluster",
            "name": "peleg-cluster",
            "service_connect_defaults": [],
            "setting": [
              {
                "name": "containerInsights",
                "value": "enabled"
              }
            ],
            "tags": {
              "Environment": "dev",
              "Name": "peleg-cluster"
            },
            "tags_all": {
              "Environment": "dev",
              "Name": "peleg-cluster"
            }
          },
          "sensitive_attributes": [],
          "private": "bnVsbA=="
        }
      ]
    },
    {
      "module": "module.ecs",
      "mode": "managed",
      "type": "aws_ecs_service",
      "name": "app",
      "provider": "provider[\"registry.terraform.io/hashicorp/aws\"]",
      "instances": [
        {
          "schema_version": 1,
          "attributes": {
            "alarms": [],
            "availability_zone_rebalancing": "DISABLED",
            "capacity_provider_strategy": [],
            "cluster": "arn:aws:ecs:eu-west-1:753392824297:cluster/peleg-cluster",
            "deployment_circuit_breaker": [
              {
                "enable": false,
                "rollback": false
              }
            ],
            "deployment_controller": [
              {
                "type": "ECS"
              }
            ],
            "deployment_maximum_percent": 200,
            "deployment_minimum_healthy_percent": 100,
            "desired_count": 2,
            "enable_ecs_managed_tags": false,
            "enable_execute_command": false,
            "force_delete": null,
            "force_new_deployment": null,
            "health_check_grace_period_seconds": 0,
            "iam_role": "/aws-service-role/ecs.amazonaws.com/AWSServiceRoleForECS",
            "id": "arn:aws:ecs:eu-west-1:753392824297:service/peleg-cluster/peleg-service",
            "launch_type": "FARGATE",
            "load_balancer": [
              {
                "container_name": "peleg-container",
                "container_port": 80,
                "elb_name": "",
                "target_group_arn": "arn:aws:elasticloadbalancing:eu-west-1:753392824297:targetgroup/peleg-tg/73f2009bdd9b79cf"
              }
            ],
            "name": "peleg-service",
            "network_configuration": [
              {
                "assign_public_ip": false,
                "security_groups": [
                  "sg-06ba237061b28dc4c"
                ],
                "subnets": [
                  "subnet-05dce844be3911796",
                  "subnet-090e649923d64806d"
                ]
              }
            ],
            "ordered_placement_strategy": [],
            "placement_constraints": [],
            "platform_version": "LATEST",
            "propagate_tags": "NONE",
            "scheduling_strategy": "REPLICA",
            "service_connect_configuration": [],
            "service_registries": [],
            "tags": {
              "Environment": "dev",
              "Name": "peleg-service"
            },
            "tags_all": {
              "Environment": "dev",
              "Name": "peleg-service"
            },
            "task_definition": "arn:aws:ecs:eu-west-1:753392824297:task-definition/peleg-task:4",
            "timeouts": null,
            "triggers": {},
            "volume_configuration": [],
            "vpc_lattice_configurations": [],
            "wait_for_steady_state": false
          },
          "sensitive_attributes": [],
          "private": "eyJlMmJmYjczMC1lY2FhLTExZTYtOGY4OC0zNDM2M2JjN2M0YzAiOnsiY3JlYXRlIjoxMjAwMDAwMDAwMDAwLCJkZWxldGUiOjEyMDAwMDAwMDAwMDAsInVwZGF0ZSI6MTIwMDAwMDAwMDAwMH0sInNjaGVtYV92ZXJzaW9uIjoiMSJ9",
          "dependencies": [
            "module.ecr.aws_ecr_repository.app",
            "module.ecs.aws_cloudwatch_log_group.ecs_logs",
            "module.ecs.aws_ecs_cluster.main",
            "module.ecs.aws_ecs_task_definition.app",
            "module.ecs.aws_iam_role.ecs_task_execution_role",
            "module.ecs.aws_iam_role.ecs_task_role",
            "module.ecs.aws_lb.app",
            "module.ecs.aws_lb_listener.http",
            "module.ecs.aws_lb_target_group.app",
            "module.ecs.aws_security_group.alb",
            "module.ecs.aws_security_group.ecs_tasks",
            "module.ecs.data.aws_region.current",
            "module.vpc.aws_subnet.private",
            "module.vpc.aws_subnet.public",
            "module.vpc.aws_vpc.main"
          ]
        }
      ]
    },
    {
      "module": "module.ecs",
      "mode": "managed",
      "type": "aws_ecs_task_definition",
      "name": "app",
      "provider": "provider[\"registry.terraform.io/hashicorp/aws\"]",
      "instances": [
        {
          "schema_version": 1,
          "attributes": {
            "arn": "arn:aws:ecs:eu-west-1:753392824297:task-definition/peleg-task:4",
            "arn_without_revision": "arn:aws:ecs:eu-west-1:753392824297:task-definition/peleg-task",
            "container_definitions": "[{\"environment\":[],\"essential\":true,\"image\":\"753392824297.dkr.ecr.eu-west-1.amazonaws.com/peleg-repo\",\"logConfiguration\":{\"logDriver\":\"awslogs\",\"options\":{\"awslogs-stream-prefix\":\"ecs\",\"awslogs-group\":\"/ecs/peleg\",\"awslogs-region\":\"eu-west-1\"}},\"mountPoints\":[],\"name\":\"peleg-container\",\"portMappings\":[{\"containerPort\":80,\"hostPort\":80,\"protocol\":\"tcp\"}],\"systemControls\":[],\"volumesFrom\":[]}]",
            "cpu": "256",
            "enable_fault_injection": false,
            "ephemeral_storage": [],
            "execution_role_arn": "arn:aws:iam::753392824297:role/peleg-task-execution-role",
            "family": "peleg-task",
            "id": "peleg-task",
            "inference_accelerator": [],
            "ipc_mode": "",
            "memory": "512",
            "network_mode": "awsvpc",
            "pid_mode": "",
            "placement_constraints": [],
            "proxy_configuration": [],
            "requires_compatibilities": [
              "FARGATE"
            ],
            "revision": 4,
            "runtime_platform": [],
            "skip_destroy": false,
            "tags": {
              "Environment": "dev",
              "Name": "peleg-task"
            },
            "tags_all": {
              "Environment": "dev",
              "Name": "peleg-task"
            },
            "task_role_arn": "arn:aws:iam::753392824297:role/peleg-task-role",
            "track_latest": false,
            "volume": []
          },
          "sensitive_attributes": [],
          "private": "eyJzY2hlbWFfdmVyc2lvbiI6IjEifQ==",
          "dependencies": [
            "module.ecr.aws_ecr_repository.app",
            "module.ecs.aws_cloudwatch_log_group.ecs_logs",
            "module.ecs.aws_iam_role.ecs_task_execution_role",
            "module.ecs.aws_iam_role.ecs_task_role",
            "module.ecs.data.aws_region.current"
          ]
        }
      ]
    },
    {
      "module": "module.ecs",
      "mode": "managed",
      "type": "aws_iam_role",
      "name": "ecs_task_execution_role",
      "provider": "provider[\"registry.terraform.io/hashicorp/aws\"]",
      "instances": [
        {
          "schema_version": 0,
          "attributes": {
            "arn": "arn:aws:iam::753392824297:role/peleg-task-execution-role",
            "assume_role_policy": "{\"Statement\":[{\"Action\":\"sts:AssumeRole\",\"Effect\":\"Allow\",\"Principal\":{\"Service\":\"ecs-tasks.amazonaws.com\"}}],\"Version\":\"2012-10-17\"}",
            "create_date": "2025-11-09T15:29:26Z",
            "description": "",
            "force_detach_policies": false,
            "id": "peleg-task-execution-role",
            "inline_policy": [],
            "managed_policy_arns": [],
            "max_session_duration": 3600,
            "name": "peleg-task-execution-role",
            "name_prefix": "",
            "path": "/",
            "permissions_boundary": "",
            "tags": {
              "Environment": "dev",
              "Name": "peleg-task-execution-role"
            },
            "tags_all": {
              "Environment": "dev",
              "Name": "peleg-task-execution-role"
            },
            "unique_id": "AROA262NWF7U36Y4YNAZH"
          },
          "sensitive_attributes": [],
          "private": "bnVsbA=="
        }
      ]
    },
    {
      "module": "module.ecs",
      "mode": "managed",
      "type": "aws_iam_role",
      "name": "ecs_task_role",
      "provider": "provider[\"registry.terraform.io/hashicorp/aws\"]",
      "instances": [
        {
          "schema_version": 0,
          "attributes": {
            "arn": "arn:aws:iam::753392824297:role/peleg-task-role",
            "assume_role_policy": "{\"Statement\":[{\"Action\":\"sts:AssumeRole\",\"Effect\":\"Allow\",\"Principal\":{\"Service\":\"ecs-tasks.amazonaws.com\"}}],\"Version\":\"2012-10-17\"}",
            "create_date": "2025-11-09T15:29:26Z",
            "description": "",
            "force_detach_policies": false,
            "id": "peleg-task-role",
            "inline_policy": [],
            "managed_policy_arns": [],
            "max_session_duration": 3600,
            "name": "peleg-task-role",
            "name_prefix": "",
            "path": "/",
            "permissions_boundary": "",
            "tags": {
              "Environment": "dev",
              "Name": "peleg-task-role"
            },
            "tags_all": {
              "Environment": "dev",
              "Name": "peleg-task-role"
            },
            "unique_id": "AROA262NWF7U7NDLMRWNV"
          },
          "sensitive_attributes": [],
          "private": "bnVsbA=="
        }
      ]
    },
    {
      "module": "module.ecs",
      "mode": "managed",
      "type": "aws_iam_role_policy",
      "name": "ecs_task_role_policy",
      "provider": "provider[\"registry.terraform.io/hashicorp/aws\"]",
      "instances": [
        {
          "schema_version": 0,
          "attributes": {
            "id": "peleg-task-role:peleg-task-role-policy",
            "name": "peleg-task-role-policy",
            "name_prefix": "",
            "policy": "{\"Version\":\"2012-10-17\",\"Statement\":[{\"Action\":[\"logs:CreateLogStream\",\"logs:PutLogEvents\"],\"Effect\":\"Allow\",\"Resource\":\"arn:aws:logs:eu-west-1:753392824297:log-group:/ecs/peleg:*\"}]}",
            "role": "peleg-task-role"
          },
          "sensitive_attributes": [],
          "private": "bnVsbA==",
          "dependencies": [
            "module.ecs.aws_cloudwatch_log_group.ecs_logs",
            "module.ecs.aws_iam_role.ecs_task_role"
          ]
        }
      ]
    },
    {
      "module": "module.ecs",
      "mode": "managed",
      "type": "aws_iam_role_policy_attachment",
      "name": "ecs_task_execution_role_policy",
      "provider": "provider[\"registry.terraform.io/hashicorp/aws\"]",
      "instances": [
        {
          "schema_version": 0,
          "attributes": {
            "id": "peleg-task-execution-role-20251109152927155500000001",
            "policy_arn": "arn:aws:iam::aws:policy/service-role/AmazonECSTaskExecutionRolePolicy",
            "role": "peleg-task-execution-role"
          },
          "sensitive_attributes": [],
          "private": "bnVsbA==",
          "dependencies": [
            "module.ecs.aws_iam_role.ecs_task_execution_role"
          ]
        }
      ]
    },
    {
      "module": "module.ecs",
      "mode": "managed",
      "type": "aws_lb",
      "name": "app",
      "provider": "provider[\"registry.terraform.io/hashicorp/aws\"]",
      "instances": [
        {
          "schema_version": 0,
          "attributes": {
            "access_logs": [
              {
                "bucket": "",
                "enabled": false,
                "prefix": ""
              }
            ],
            "arn": "arn:aws:elasticloadbalancing:eu-west-1:753392824297:loadbalancer/app/peleg-alb/f99ff52f6141a4b9",
            "arn_suffix": "app/peleg-alb/f99ff52f6141a4b9",
            "client_keep_alive": 3600,
            "connection_logs": [
              {
                "bucket": "",
                "enabled": false,
                "prefix": ""
              }
            ],
            "customer_owned_ipv4_pool": "",
            "desync_mitigation_mode": "defensive",
            "dns_name": "peleg-alb-323444894.eu-west-1.elb.amazonaws.com",
            "dns_record_client_routing_policy": null,
            "drop_invalid_header_fields": false,
            "enable_cross_zone_load_balancing": true,
            "enable_deletion_protection": false,
            "enable_http2": true,
            "enable_tls_version_and_cipher_suite_headers": false,
            "enable_waf_fail_open": false,
            "enable_xff_client_port": false,
            "enable_zonal_shift": false,
            "enforce_security_group_inbound_rules_on_private_link_traffic": "",
            "id": "arn:aws:elasticloadbalancing:eu-west-1:753392824297:loadbalancer/app/peleg-alb/f99ff52f6141a4b9",
            "idle_timeout": 60,
            "internal": false,
            "ip_address_type": "ipv4",
            "ipam_pools": [],
            "load_balancer_type": "application",
            "minimum_load_balancer_capacity": [],
            "name": "peleg-alb",
            "name_prefix": "",
            "preserve_host_header": false,
            "security_groups": [
              "sg-06e5c5992fef398b7"
            ],
            "subnet_mapping": [
              {
                "allocation_id": "",
                "ipv6_address": "",
                "outpost_id": "",
                "private_ipv4_address": "",
                "subnet_id": "subnet-0412abb29e2720fa4"
              },
              {
                "allocation_id": "",
                "ipv6_address": "",
                "outpost_id": "",
                "private_ipv4_address": "",
                "subnet_id": "subnet-053e479616c8e8edb"
              }
            ],
            "subnets": [
              "subnet-0412abb29e2720fa4",
              "subnet-053e479616c8e8edb"
            ],
            "tags": {
              "Environment": "dev",
              "Name": "peleg-alb"
            },
            "tags_all": {
              "Environment": "dev",
              "Name": "peleg-alb"
            },
            "timeouts": null,
            "vpc_id": "vpc-0b6fb73f8c32e88c6",
            "xff_header_processing_mode": "append",
            "zone_id": "Z32O12XQLNTSW2"
          },
          "sensitive_attributes": [],
          "private": "eyJlMmJmYjczMC1lY2FhLTExZTYtOGY4OC0zNDM2M2JjN2M0YzAiOnsiY3JlYXRlIjo2MDAwMDAwMDAwMDAsImRlbGV0ZSI6NjAwMDAwMDAwMDAwLCJ1cGRhdGUiOjYwMDAwMDAwMDAwMH19",
          "dependencies": [
            "module.ecs.aws_security_group.alb",
            "module.vpc.aws_subnet.public",
            "module.vpc.aws_vpc.main"
          ]
        }
      ]
    },
    {
      "module": "module.ecs",
      "mode": "managed",
      "type": "aws_lb_listener",
      "name": "http",
      "provider": "provider[\"registry.terraform.io/hashicorp/aws\"]",
      "instances": [
        {
          "schema_version": 0,
          "attributes": {
            "alpn_policy": null,
            "arn": "arn:aws:elasticloadbalancing:eu-west-1:753392824297:listener/app/peleg-alb/f99ff52f6141a4b9/48453d37de96f8d3",
            "certificate_arn": null,
            "default_action": [
              {
                "authenticate_cognito": [],
                "authenticate_oidc": [],
                "fixed_response": [],
                "forward": [],
                "order": 1,
                "redirect": [],
                "target_group_arn": "arn:aws:elasticloadbalancing:eu-west-1:753392824297:targetgroup/peleg-tg/73f2009bdd9b79cf",
                "type": "forward"
              }
            ],
            "id": "arn:aws:elasticloadbalancing:eu-west-1:753392824297:listener/app/peleg-alb/f99ff52f6141a4b9/48453d37de96f8d3",
            "load_balancer_arn": "arn:aws:elasticloadbalancing:eu-west-1:753392824297:loadbalancer/app/peleg-alb/f99ff52f6141a4b9",
            "mutual_authentication": [],
            "port": 80,
            "protocol": "HTTP",
            "routing_http_request_x_amzn_mtls_clientcert_header_name": null,
            "routing_http_request_x_amzn_mtls_clientcert_issuer_header_name": null,
            "routing_http_request_x_amzn_mtls_clientcert_leaf_header_name": null,
            "routing_http_request_x_amzn_mtls_clientcert_serial_number_header_name": null,
            "routing_http_request_x_amzn_mtls_clientcert_subject_header_name": null,
            "routing_http_request_x_amzn_mtls_clientcert_validity_header_name": null,
            "routing_http_request_x_amzn_tls_cipher_suite_header_name": null,
            "routing_http_request_x_amzn_tls_version_header_name": null,
            "routing_http_response_access_control_allow_credentials_header_value": "",
            "routing_http_response_access_control_allow_headers_header_value": "",
            "routing_http_response_access_control_allow_methods_header_value": "",
            "routing_http_response_access_control_allow_origin_header_value": "",
            "routing_http_response_access_control_expose_headers_header_value": "",
            "routing_http_response_access_control_max_age_header_value": "",
            "routing_http_response_content_security_policy_header_value": "",
            "routing_http_response_server_enabled": true,
            "routing_http_response_strict_transport_security_header_value": "",
            "routing_http_response_x_content_type_options_header_value": "",
            "routing_http_response_x_frame_options_header_value": "",
            "ssl_policy": "",
            "tags": null,
            "tags_all": {},
            "tcp_idle_timeout_seconds": null,
            "timeouts": null
          },
          "sensitive_attributes": [],
          "private": "eyJlMmJmYjczMC1lY2FhLTExZTYtOGY4OC0zNDM2M2JjN2M0YzAiOnsiY3JlYXRlIjozMDAwMDAwMDAwMDAsInVwZGF0ZSI6MzAwMDAwMDAwMDAwfX0=",
          "dependencies": [
            "module.ecs.aws_lb.app",
            "module.ecs.aws_lb_target_group.app",
            "module.ecs.aws_security_group.alb",
            "module.vpc.aws_subnet.public",
            "module.vpc.aws_vpc.main"
          ]
        }
      ]
    },
    {
      "module": "module.ecs",
      "mode": "managed",
      "type": "aws_lb_target_group",
      "name": "app",
      "provider": "provider[\"registry.terraform.io/hashicorp/aws\"]",
      "instances": [
        {
          "schema_version": 0,
          "attributes": {
            "arn": "arn:aws:elasticloadbalancing:eu-west-1:753392824297:targetgroup/peleg-tg/73f2009bdd9b79cf",
            "arn_suffix": "targetgroup/peleg-tg/73f2009bdd9b79cf",
            "connection_termination": null,
            "deregistration_delay": "300",
            "health_check": [
              {
                "enabled": true,
                "healthy_threshold": 3,
                "interval": 30,
                "matcher": "200",
                "path": "/",
                "port": "traffic-port",
                "protocol": "HTTP",
                "timeout": 5,
                "unhealthy_threshold": 3
              }
            ],
            "id": "arn:aws:elasticloadbalancing:eu-west-1:753392824297:targetgroup/peleg-tg/73f2009bdd9b79cf",
            "ip_address_type": "ipv4",
            "lambda_multi_value_headers_enabled": false,
            "load_balancer_arns": [],
            "load_balancing_algorithm_type": "round_robin",
            "load_balancing_anomaly_mitigation": "off",
            "load_balancing_cross_zone_enabled": "use_load_balancer_configuration",
            "name": "peleg-tg",
            "name_prefix": "",
            "port": 80,
            "preserve_client_ip": null,
            "protocol": "HTTP",
            "protocol_version": "HTTP1",
            "proxy_protocol_v2": false,
            "slow_start": 0,
            "stickiness": [
              {
                "cookie_duration": 86400,
                "cookie_name": "",
                "enabled": false,
                "type": "lb_cookie"
              }
            ],
            "tags": {
              "Environment": "dev",
              "Name": "peleg-tg"
            },
            "tags_all": {
              "Environment": "dev",
              "Name": "peleg-tg"
            },
            "target_failover": [
              {
                "on_deregistration": null,
                "on_unhealthy": null
              }
            ],
            "target_group_health": [
              {
                "dns_failover": [
                  {
                    "minimum_healthy_targets_count": "1",
                    "minimum_healthy_targets_percentage": "off"
                  }
                ],
                "unhealthy_state_routing": [
                  {
                    "minimum_healthy_targets_count": 1,
                    "minimum_healthy_targets_percentage": "off"
                  }
                ]
              }
            ],
            "target_health_state": [
              {
                "enable_unhealthy_connection_termination": null,
                "unhealthy_draining_interval": null
              }
            ],
            "target_type": "ip",
            "vpc_id": "vpc-0b6fb73f8c32e88c6"
          },
          "sensitive_attributes": [],
          "private": "bnVsbA==",
          "dependencies": [
            "module.vpc.aws_vpc.main"
          ]
        }
      ]
    },
    {
      "module": "module.ecs",
      "mode": "managed",
      "type": "aws_security_group",
      "name": "alb",
      "provider": "provider[\"registry.terraform.io/hashicorp/aws\"]",
      "instances": [
        {
          "schema_version": 1,
          "attributes": {
            "arn": "arn:aws:ec2:eu-west-1:753392824297:security-group/sg-06e5c5992fef398b7",
            "description": "ALB Security Group",
            "egress": [
              {
                "cidr_blocks": [
                  "0.0.0.0/0"
                ],
                "description": "",
                "from_port": 0,
                "ipv6_cidr_blocks": [],
                "prefix_list_ids": [],
                "protocol": "-1",
                "security_groups": [],
                "self": false,
                "to_port": 0
              }
            ],
            "id": "sg-06e5c5992fef398b7",
            "ingress": [
              {
                "cidr_blocks": [
                  "0.0.0.0/0"
                ],
                "description": "",
                "from_port": 80,
                "ipv6_cidr_blocks": [],
                "prefix_list_ids": [],
                "protocol": "tcp",
                "security_groups": [],
                "self": false,
                "to_port": 80
              }
            ],
            "name": "peleg-alb-sg",
            "name_prefix": "",
            "owner_id": "753392824297",
            "revoke_rules_on_delete": false,
            "tags": {
              "Environment": "dev",
              "Name": "peleg-alb-sg"
            },
            "tags_all": {
              "Environment": "dev",
              "Name": "peleg-alb-sg"
            },
            "timeouts": null,
            "vpc_id": "vpc-0b6fb73f8c32e88c6"
          },
          "sensitive_attributes": [],
          "private": "eyJlMmJmYjczMC1lY2FhLTExZTYtOGY4OC0zNDM2M2JjN2M0YzAiOnsiY3JlYXRlIjo2MDAwMDAwMDAwMDAsImRlbGV0ZSI6OTAwMDAwMDAwMDAwfSwic2NoZW1hX3ZlcnNpb24iOiIxIn0=",
          "dependencies": [
            "module.vpc.aws_vpc.main"
          ]
        }
      ]
    },
    {
      "module": "module.ecs",
      "mode": "managed",
      "type": "aws_security_group",
      "name": "ecs_tasks",
      "provider": "provider[\"registry.terraform.io/hashicorp/aws\"]",
      "instances": [
        {
          "schema_version": 1,
          "attributes": {
            "arn": "arn:aws:ec2:eu-west-1:753392824297:security-group/sg-06ba237061b28dc4c",
            "description": "ECS Tasks Security Group",
            "egress": [
              {
                "cidr_blocks": [
                  "0.0.0.0/0"
                ],
                "description": "",
                "from_port": 0,
                "ipv6_cidr_blocks": [],
                "prefix_list_ids": [],
                "protocol": "-1",
                "security_groups": [],
                "self": false,
                "to_port": 0
              }
            ],
            "id": "sg-06ba237061b28dc4c",
            "ingress": [
              {
                "cidr_blocks": [],
                "description": "",
                "from_port": 80,
                "ipv6_cidr_blocks": [],
                "prefix_list_ids": [],
                "protocol": "tcp",
                "security_groups": [
                  "sg-06e5c5992fef398b7"
                ],
                "self": false,
                "to_port": 80
              }
            ],
            "name": "peleg-ecs-tasks-sg",
            "name_prefix": "",
            "owner_id": "753392824297",
            "revoke_rules_on_delete": false,
            "tags": {
              "Environment": "dev",
              "Name": "peleg-ecs-tasks-sg"
            },
            "tags_all": {
              "Environment": "dev",
              "Name": "peleg-ecs-tasks-sg"
            },
            "timeouts": null,
            "vpc_id": "vpc-0b6fb73f8c32e88c6"
          },
          "sensitive_attributes": [],
          "private": "eyJlMmJmYjczMC1lY2FhLTExZTYtOGY4OC0zNDM2M2JjN2M0YzAiOnsiY3JlYXRlIjo2MDAwMDAwMDAwMDAsImRlbGV0ZSI6OTAwMDAwMDAwMDAwfSwic2NoZW1hX3ZlcnNpb24iOiIxIn0=",
          "dependencies": [
            "module.ecs.aws_security_group.alb",
            "module.vpc.aws_vpc.main"
          ]
        }
      ]
    },
    {
      "module": "module.vpc",
      "mode": "data",
      "type": "aws_region",
      "name": "current",
      "provider": "provider[\"registry.terraform.io/hashicorp/aws\"]",
      "instances": [
        {
          "schema_version": 0,
          "attributes": {
            "description": "Europe (Ireland)",
            "endpoint": "ec2.eu-west-1.amazonaws.com",
            "id": "eu-west-1",
            "name": "eu-west-1"
          },
          "sensitive_attributes": []
        }
      ]
    },
    {
      "module": "module.vpc",
      "mode": "managed",
      "type": "aws_internet_gateway",
      "name": "main",
      "provider": "provider[\"registry.terraform.io/hashicorp/aws\"]",
      "instances": [
        {
          "schema_version": 0,
          "attributes": {
            "arn": "arn:aws:ec2:eu-west-1:753392824297:internet-gateway/igw-0e47dcac28dc96be0",
            "id": "igw-0e47dcac28dc96be0",
            "owner_id": "753392824297",
            "tags": {
              "Environment": "dev",
              "Name": "peleg-igw"
            },
            "tags_all": {
              "Environment": "dev",
              "Name": "peleg-igw"
            },
            "timeouts": null,
            "vpc_id": "vpc-0b6fb73f8c32e88c6"
          },
          "sensitive_attributes": [],
          "private": "eyJlMmJmYjczMC1lY2FhLTExZTYtOGY4OC0zNDM2M2JjN2M0YzAiOnsiY3JlYXRlIjoxMjAwMDAwMDAwMDAwLCJkZWxldGUiOjEyMDAwMDAwMDAwMDAsInVwZGF0ZSI6MTIwMDAwMDAwMDAwMH19",
          "dependencies": [
            "module.vpc.aws_vpc.main"
          ]
        }
      ]
    },
    {
      "module": "module.vpc",
      "mode": "managed",
      "type": "aws_route_table",
      "name": "private",
      "provider": "provider[\"registry.terraform.io/hashicorp/aws\"]",
      "instances": [
        {
          "schema_version": 0,
          "attributes": {
            "arn": "arn:aws:ec2:eu-west-1:753392824297:route-table/rtb-0d43d1d2801925a19",
            "id": "rtb-0d43d1d2801925a19",
            "owner_id": "753392824297",
            "propagating_vgws": [],
            "route": [],
            "tags": {
              "Environment": "dev",
              "Name": "peleg-private-rt"
            },
            "tags_all": {
              "Environment": "dev",
              "Name": "peleg-private-rt"
            },
            "timeouts": null,
            "vpc_id": "vpc-0b6fb73f8c32e88c6"
          },
          "sensitive_attributes": [],
          "private": "eyJlMmJmYjczMC1lY2FhLTExZTYtOGY4OC0zNDM2M2JjN2M0YzAiOnsiY3JlYXRlIjozMDAwMDAwMDAwMDAsImRlbGV0ZSI6MzAwMDAwMDAwMDAwLCJ1cGRhdGUiOjEyMDAwMDAwMDAwMH19",
          "dependencies": [
            "module.vpc.aws_vpc.main"
          ]
        }
      ]
    },
    {
      "module": "module.vpc",
      "mode": "managed",
      "type": "aws_route_table",
      "name": "public",
      "provider": "provider[\"registry.terraform.io/hashicorp/aws\"]",
      "instances": [
        {
          "schema_version": 0,
          "attributes": {
            "arn": "arn:aws:ec2:eu-west-1:753392824297:route-table/rtb-0d9b08d610418ddcc",
            "id": "rtb-0d9b08d610418ddcc",
            "owner_id": "753392824297",
            "propagating_vgws": [],
            "route": [
              {
                "carrier_gateway_id": "",
                "cidr_block": "0.0.0.0/0",
                "core_network_arn": "",
                "destination_prefix_list_id": "",
                "egress_only_gateway_id": "",
                "gateway_id": "igw-0e47dcac28dc96be0",
                "ipv6_cidr_block": "",
                "local_gateway_id": "",
                "nat_gateway_id": "",
                "network_interface_id": "",
                "transit_gateway_id": "",
                "vpc_endpoint_id": "",
                "vpc_peering_connection_id": ""
              }
            ],
            "tags": {
              "Environment": "dev",
              "Name": "peleg-public-rt"
            },
            "tags_all": {
              "Environment": "dev",
              "Name": "peleg-public-rt"
            },
            "timeouts": null,
            "vpc_id": "vpc-0b6fb73f8c32e88c6"
          },
          "sensitive_attributes": [],
          "private": "eyJlMmJmYjczMC1lY2FhLTExZTYtOGY4OC0zNDM2M2JjN2M0YzAiOnsiY3JlYXRlIjozMDAwMDAwMDAwMDAsImRlbGV0ZSI6MzAwMDAwMDAwMDAwLCJ1cGRhdGUiOjEyMDAwMDAwMDAwMH19",
          "dependencies": [
            "module.vpc.aws_internet_gateway.main",
            "module.vpc.aws_vpc.main"
          ]
        }
      ]
    },
    {
      "module": "module.vpc",
      "mode": "managed",
      "type": "aws_route_table_association",
      "name": "private",
      "provider": "provider[\"registry.terraform.io/hashicorp/aws\"]",
      "instances": [
        {
          "index_key": 0,
          "schema_version": 0,
          "attributes": {
            "gateway_id": "",
            "id": "rtbassoc-0c8d5ecea5d055e8a",
            "route_table_id": "rtb-0d43d1d2801925a19",
            "subnet_id": "subnet-090e649923d64806d",
            "timeouts": null
          },
          "sensitive_attributes": [],
          "private": "eyJlMmJmYjczMC1lY2FhLTExZTYtOGY4OC0zNDM2M2JjN2M0YzAiOnsiY3JlYXRlIjozMDAwMDAwMDAwMDAsImRlbGV0ZSI6MzAwMDAwMDAwMDAwLCJ1cGRhdGUiOjEyMDAwMDAwMDAwMH19",
          "dependencies": [
            "module.vpc.aws_route_table.private",
            "module.vpc.aws_subnet.private",
            "module.vpc.aws_vpc.main"
          ]
        },
        {
          "index_key": 1,
          "schema_version": 0,
          "attributes": {
            "gateway_id": "",
            "id": "rtbassoc-069dd46f64cc3302c",
            "route_table_id": "rtb-0d43d1d2801925a19",
            "subnet_id": "subnet-05dce844be3911796",
            "timeouts": null
          },
          "sensitive_attributes": [],
          "private": "eyJlMmJmYjczMC1lY2FhLTExZTYtOGY4OC0zNDM2M2JjN2M0YzAiOnsiY3JlYXRlIjozMDAwMDAwMDAwMDAsImRlbGV0ZSI6MzAwMDAwMDAwMDAwLCJ1cGRhdGUiOjEyMDAwMDAwMDAwMH19",
          "dependencies": [
            "module.vpc.aws_route_table.private",
            "module.vpc.aws_subnet.private",
            "module.vpc.aws_vpc.main"
          ]
        }
      ]
    },
    {
      "module": "module.vpc",
      "mode": "managed",
      "type": "aws_route_table_association",
      "name": "public",
      "provider": "provider[\"registry.terraform.io/hashicorp/aws\"]",
      "instances": [
        {
          "index_key": 0,
          "schema_version": 0,
          "attributes": {
            "gateway_id": "",
            "id": "rtbassoc-0c979054c850094c7",
            "route_table_id": "rtb-0d9b08d610418ddcc",
            "subnet_id": "subnet-0412abb29e2720fa4",
            "timeouts": null
          },
          "sensitive_attributes": [],
          "private": "eyJlMmJmYjczMC1lY2FhLTExZTYtOGY4OC0zNDM2M2JjN2M0YzAiOnsiY3JlYXRlIjozMDAwMDAwMDAwMDAsImRlbGV0ZSI6MzAwMDAwMDAwMDAwLCJ1cGRhdGUiOjEyMDAwMDAwMDAwMH19",
          "dependencies": [
            "module.vpc.aws_internet_gateway.main",
            "module.vpc.aws_route_table.public",
            "module.vpc.aws_subnet.public",
            "module.vpc.aws_vpc.main"
          ]
        },
        {
          "index_key": 1,
          "schema_version": 0,
          "attributes": {
            "gateway_id": "",
            "id": "rtbassoc-086a1674d15b46ae5",
            "route_table_id": "rtb-0d9b08d610418ddcc",
            "subnet_id": "subnet-053e479616c8e8edb",
            "timeouts": null
          },
          "sensitive_attributes": [],
          "private": "eyJlMmJmYjczMC1lY2FhLTExZTYtOGY4OC0zNDM2M2JjN2M0YzAiOnsiY3JlYXRlIjozMDAwMDAwMDAwMDAsImRlbGV0ZSI6MzAwMDAwMDAwMDAwLCJ1cGRhdGUiOjEyMDAwMDAwMDAwMH19",
          "dependencies": [
            "module.vpc.aws_internet_gateway.main",
            "module.vpc.aws_route_table.public",
            "module.vpc.aws_subnet.public",
            "module.vpc.aws_vpc.main"
          ]
        }
      ]
    },
    {
      "module": "module.vpc",
      "mode": "managed",
      "type": "aws_security_group",
      "name": "vpc_endpoints",
      "provider": "provider[\"registry.terraform.io/hashicorp/aws\"]",
      "instances": [
        {
          "schema_version": 1,
          "attributes": {
            "arn": "arn:aws:ec2:eu-west-1:753392824297:security-group/sg-0a3649b13747f4026",
            "description": "Security group for VPC endpoints",
            "egress": [],
            "id": "sg-0a3649b13747f4026",
            "ingress": [
              {
                "cidr_blocks": [
                  "10.0.0.0/16"
                ],
                "description": "",
                "from_port": 443,
                "ipv6_cidr_blocks": [],
                "prefix_list_ids": [],
                "protocol": "tcp",
                "security_groups": [],
                "self": false,
                "to_port": 443
              }
            ],
            "name": "peleg-vpce-sg",
            "name_prefix": "",
            "owner_id": "753392824297",
            "revoke_rules_on_delete": false,
            "tags": {
              "Environment": "dev",
              "Name": "peleg-vpce-sg"
            },
            "tags_all": {
              "Environment": "dev",
              "Name": "peleg-vpce-sg"
            },
            "timeouts": null,
            "vpc_id": "vpc-0b6fb73f8c32e88c6"
          },
          "sensitive_attributes": [],
          "private": "eyJlMmJmYjczMC1lY2FhLTExZTYtOGY4OC0zNDM2M2JjN2M0YzAiOnsiY3JlYXRlIjo2MDAwMDAwMDAwMDAsImRlbGV0ZSI6OTAwMDAwMDAwMDAwfSwic2NoZW1hX3ZlcnNpb24iOiIxIn0=",
          "dependencies": [
            "module.vpc.aws_vpc.main"
          ]
        }
      ]
    },
    {
      "module": "module.vpc",
      "mode": "managed",
      "type": "aws_subnet",
      "name": "private",
      "provider": "provider[\"registry.terraform.io/hashicorp/aws\"]",
      "instances": [
        {
          "index_key": 0,
          "schema_version": 1,
          "attributes": {
            "arn": "arn:aws:ec2:eu-west-1:753392824297:subnet/subnet-090e649923d64806d",
            "assign_ipv6_address_on_creation": false,
            "availability_zone": "eu-west-1a",
            "availability_zone_id": "euw1-az3",
            "cidr_block": "10.0.3.0/24",
            "customer_owned_ipv4_pool": "",
            "enable_dns64": false,
            "enable_lni_at_device_index": 0,
            "enable_resource_name_dns_a_record_on_launch": false,
            "enable_resource_name_dns_aaaa_record_on_launch": false,
            "id": "subnet-090e649923d64806d",
            "ipv6_cidr_block": "",
            "ipv6_cidr_block_association_id": "",
            "ipv6_native": false,
            "map_customer_owned_ip_on_launch": false,
            "map_public_ip_on_launch": false,
            "outpost_arn": "",
            "owner_id": "753392824297",
            "private_dns_hostname_type_on_launch": "ip-name",
            "tags": {
              "Environment": "dev",
              "Name": "peleg-private-subnet-1",
              "Type": "Private"
            },
            "tags_all": {
              "Environment": "dev",
              "Name": "peleg-private-subnet-1",
              "Type": "Private"
            },
            "timeouts": null,
            "vpc_id": "vpc-0b6fb73f8c32e88c6"
          },
          "sensitive_attributes": [],
          "private": "eyJlMmJmYjczMC1lY2FhLTExZTYtOGY4OC0zNDM2M2JjN2M0YzAiOnsiY3JlYXRlIjo2MDAwMDAwMDAwMDAsImRlbGV0ZSI6MTIwMDAwMDAwMDAwMH0sInNjaGVtYV92ZXJzaW9uIjoiMSJ9",
          "dependencies": [
            "module.vpc.aws_vpc.main"
          ]
        },
        {
          "index_key": 1,
          "schema_version": 1,
          "attributes": {
            "arn": "arn:aws:ec2:eu-west-1:753392824297:subnet/subnet-05dce844be3911796",
            "assign_ipv6_address_on_creation": false,
            "availability_zone": "eu-west-1b",
            "availability_zone_id": "euw1-az1",
            "cidr_block": "10.0.4.0/24",
            "customer_owned_ipv4_pool": "",
            "enable_dns64": false,
            "enable_lni_at_device_index": 0,
            "enable_resource_name_dns_a_record_on_launch": false,
            "enable_resource_name_dns_aaaa_record_on_launch": false,
            "id": "subnet-05dce844be3911796",
            "ipv6_cidr_block": "",
            "ipv6_cidr_block_association_id": "",
            "ipv6_native": false,
            "map_customer_owned_ip_on_launch": false,
            "map_public_ip_on_launch": false,
            "outpost_arn": "",
            "owner_id": "753392824297",
            "private_dns_hostname_type_on_launch": "ip-name",
            "tags": {
              "Environment": "dev",
              "Name": "peleg-private-subnet-2",
              "Type": "Private"
            },
            "tags_all": {
              "Environment": "dev",
              "Name": "peleg-private-subnet-2",
              "Type": "Private"
            },
            "timeouts": null,
            "vpc_id": "vpc-0b6fb73f8c32e88c6"
          },
          "sensitive_attributes": [],
          "private": "eyJlMmJmYjczMC1lY2FhLTExZTYtOGY4OC0zNDM2M2JjN2M0YzAiOnsiY3JlYXRlIjo2MDAwMDAwMDAwMDAsImRlbGV0ZSI6MTIwMDAwMDAwMDAwMH0sInNjaGVtYV92ZXJzaW9uIjoiMSJ9",
          "dependencies": [
            "module.vpc.aws_vpc.main"
          ]
        }
      ]
    },
    {
      "module": "module.vpc",
      "mode": "managed",
      "type": "aws_subnet",
      "name": "public",
      "provider": "provider[\"registry.terraform.io/hashicorp/aws\"]",
      "instances": [
        {
          "index_key": 0,
          "schema_version": 1,
          "attributes": {
            "arn": "arn:aws:ec2:eu-west-1:753392824297:subnet/subnet-0412abb29e2720fa4",
            "assign_ipv6_address_on_creation": false,
            "availability_zone": "eu-west-1a",
            "availability_zone_id": "euw1-az3",
            "cidr_block": "10.0.1.0/24",
            "customer_owned_ipv4_pool": "",
            "enable_dns64": false,
            "enable_lni_at_device_index": 0,
            "enable_resource_name_dns_a_record_on_launch": false,
            "enable_resource_name_dns_aaaa_record_on_launch": false,
            "id": "subnet-0412abb29e2720fa4",
            "ipv6_cidr_block": "",
            "ipv6_cidr_block_association_id": "",
            "ipv6_native": false,
            "map_customer_owned_ip_on_launch": false,
            "map_public_ip_on_launch": true,
            "outpost_arn": "",
            "owner_id": "753392824297",
            "private_dns_hostname_type_on_launch": "ip-name",
            "tags": {
              "Environment": "dev",
              "Name": "peleg-public-subnet-1",
              "Type": "Public"
            },
            "tags_all": {
              "Environment": "dev",
              "Name": "peleg-public-subnet-1",
              "Type": "Public"
            },
            "timeouts": null,
            "vpc_id": "vpc-0b6fb73f8c32e88c6"
          },
          "sensitive_attributes": [],
          "private": "eyJlMmJmYjczMC1lY2FhLTExZTYtOGY4OC0zNDM2M2JjN2M0YzAiOnsiY3JlYXRlIjo2MDAwMDAwMDAwMDAsImRlbGV0ZSI6MTIwMDAwMDAwMDAwMH0sInNjaGVtYV92ZXJzaW9uIjoiMSJ9",
          "dependencies": [
            "module.vpc.aws_vpc.main"
          ]
        },
        {
          "index_key": 1,
          "schema_version": 1,
          "attributes": {
            "arn": "arn:aws:ec2:eu-west-1:753392824297:subnet/subnet-053e479616c8e8edb",
            "assign_ipv6_address_on_creation": false,
            "availability_zone": "eu-west-1b",
            "availability_zone_id": "euw1-az1",
            "cidr_block": "10.0.2.0/24",
            "customer_owned_ipv4_pool": "",
            "enable_dns64": false,
            "enable_lni_at_device_index": 0,
            "enable_resource_name_dns_a_record_on_launch": false,
            "enable_resource_name_dns_aaaa_record_on_launch": false,
            "id": "subnet-053e479616c8e8edb",
            "ipv6_cidr_block": "",
            "ipv6_cidr_block_association_id": "",
            "ipv6_native": false,
            "map_customer_owned_ip_on_launch": false,
            "map_public_ip_on_launch": true,
            "outpost_arn": "",
            "owner_id": "753392824297",
            "private_dns_hostname_type_on_launch": "ip-name",
            "tags": {
              "Environment": "dev",
              "Name": "peleg-public-subnet-2",
              "Type": "Public"
            },
            "tags_all": {
              "Environment": "dev",
              "Name": "peleg-public-subnet-2",
              "Type": "Public"
            },
            "timeouts": null,
            "vpc_id": "vpc-0b6fb73f8c32e88c6"
          },
          "sensitive_attributes": [],
          "private": "eyJlMmJmYjczMC1lY2FhLTExZTYtOGY4OC0zNDM2M2JjN2M0YzAiOnsiY3JlYXRlIjo2MDAwMDAwMDAwMDAsImRlbGV0ZSI6MTIwMDAwMDAwMDAwMH0sInNjaGVtYV92ZXJzaW9uIjoiMSJ9",
          "dependencies": [
            "module.vpc.aws_vpc.main"
          ]
        }
      ]
    },
    {
      "module": "module.vpc",
      "mode": "managed",
      "type": "aws_vpc",
      "name": "main",
      "provider": "provider[\"registry.terraform.io/hashicorp/aws\"]",
      "instances": [
        {
          "schema_version": 1,
          "attributes": {
            "arn": "arn:aws:ec2:eu-west-1:753392824297:vpc/vpc-0b6fb73f8c32e88c6",
            "assign_generated_ipv6_cidr_block": false,
            "cidr_block": "10.0.0.0/16",
            "default_network_acl_id": "acl-08bbd860882668c3e",
            "default_route_table_id": "rtb-0843192db0d1c0e17",
            "default_security_group_id": "sg-05b7dbe506da83c4a",
            "dhcp_options_id": "dopt-0da1593de03b83bd9",
            "enable_dns_hostnames": true,
            "enable_dns_support": true,
            "enable_network_address_usage_metrics": false,
            "id": "vpc-0b6fb73f8c32e88c6",
            "instance_tenancy": "default",
            "ipv4_ipam_pool_id": null,
            "ipv4_netmask_length": null,
            "ipv6_association_id": "",
            "ipv6_cidr_block": "",
            "ipv6_cidr_block_network_border_group": "",
            "ipv6_ipam_pool_id": "",
            "ipv6_netmask_length": 0,
            "main_route_table_id": "rtb-0843192db0d1c0e17",
            "owner_id": "753392824297",
            "tags": {
              "Environment": "dev",
              "Name": "peleg-vpc"
            },
            "tags_all": {
              "Environment": "dev",
              "Name": "peleg-vpc"
            }
          },
          "sensitive_attributes": [],
          "private": "eyJzY2hlbWFfdmVyc2lvbiI6IjEifQ=="
        }
      ]
    },
    {
      "module": "module.vpc",
      "mode": "managed",
      "type": "aws_vpc_endpoint",
      "name": "ecr_api",
      "provider": "provider[\"registry.terraform.io/hashicorp/aws\"]",
      "instances": [
        {
          "schema_version": 0,
          "attributes": {
            "arn": "arn:aws:ec2:eu-west-1:753392824297:vpc-endpoint/vpce-0e5a9db8c05e3619b",
            "auto_accept": null,
            "cidr_blocks": [],
            "dns_entry": [
              {
                "dns_name": "vpce-0e5a9db8c05e3619b-w5nul1dt.api.ecr.eu-west-1.vpce.amazonaws.com",
                "hosted_zone_id": "Z38GZ743OKFT7T"
              },
              {
                "dns_name": "vpce-0e5a9db8c05e3619b-w5nul1dt-eu-west-1b.api.ecr.eu-west-1.vpce.amazonaws.com",
                "hosted_zone_id": "Z38GZ743OKFT7T"
              },
              {
                "dns_name": "vpce-0e5a9db8c05e3619b-w5nul1dt-eu-west-1a.api.ecr.eu-west-1.vpce.amazonaws.com",
                "hosted_zone_id": "Z38GZ743OKFT7T"
              },
              {
                "dns_name": "api.ecr.eu-west-1.amazonaws.com",
                "hosted_zone_id": "Z01479333PTH7T3EX7FJD"
              },
              {
                "dns_name": "ecr.eu-west-1.api.aws",
                "hosted_zone_id": "Z01479112NX5H04NDTVDL"
              }
            ],
            "dns_options": [
              {
                "dns_record_ip_type": "ipv4",
                "private_dns_only_for_inbound_resolver_endpoint": false
              }
            ],
            "id": "vpce-0e5a9db8c05e3619b",
            "ip_address_type": "ipv4",
            "network_interface_ids": [
              "eni-04d518a18e5391ce3",
              "eni-06f5f9f0355e30c40"
            ],
            "owner_id": "753392824297",
            "policy": "{\"Statement\":[{\"Action\":\"*\",\"Effect\":\"Allow\",\"Principal\":\"*\",\"Resource\":\"*\"}]}",
            "prefix_list_id": null,
            "private_dns_enabled": true,
            "requester_managed": false,
            "resource_configuration_arn": "",
            "route_table_ids": [],
            "security_group_ids": [
              "sg-0a3649b13747f4026"
            ],
            "service_name": "com.amazonaws.eu-west-1.ecr.api",
            "service_network_arn": "",
            "service_region": "eu-west-1",
            "state": "available",
            "subnet_configuration": [
              {
                "ipv4": "10.0.3.34",
                "ipv6": "",
                "subnet_id": "subnet-090e649923d64806d"
              },
              {
                "ipv4": "10.0.4.57",
                "ipv6": "",
                "subnet_id": "subnet-05dce844be3911796"
              }
            ],
            "subnet_ids": [
              "subnet-05dce844be3911796",
              "subnet-090e649923d64806d"
            ],
            "tags": {
              "Environment": "dev",
              "Name": "peleg-ecr-api-endpoint"
            },
            "tags_all": {
              "Environment": "dev",
              "Name": "peleg-ecr-api-endpoint"
            },
            "timeouts": null,
            "vpc_endpoint_type": "Interface",
            "vpc_id": "vpc-0b6fb73f8c32e88c6"
          },
          "sensitive_attributes": [],
          "private": "eyJlMmJmYjczMC1lY2FhLTExZTYtOGY4OC0zNDM2M2JjN2M0YzAiOnsiY3JlYXRlIjo2MDAwMDAwMDAwMDAsImRlbGV0ZSI6NjAwMDAwMDAwMDAwLCJ1cGRhdGUiOjYwMDAwMDAwMDAwMH19",
          "dependencies": [
            "module.vpc.aws_security_group.vpc_endpoints",
            "module.vpc.aws_subnet.private",
            "module.vpc.aws_vpc.main",
            "module.vpc.data.aws_region.current"
          ]
        }
      ]
    },
    {
      "module": "module.vpc",
      "mode": "managed",
      "type": "aws_vpc_endpoint",
      "name": "ecr_dkr",
      "provider": "provider[\"registry.terraform.io/hashicorp/aws\"]",
      "instances": [
        {
          "schema_version": 0,
          "attributes": {
            "arn": "arn:aws:ec2:eu-west-1:753392824297:vpc-endpoint/vpce-0c53bd8a6ab448921",
            "auto_accept": null,
            "cidr_blocks": [],
            "dns_entry": [
              {
                "dns_name": "vpce-0c53bd8a6ab448921-oemhmxw5.dkr.ecr.eu-west-1.vpce.amazonaws.com",
                "hosted_zone_id": "Z38GZ743OKFT7T"
              },
              {
                "dns_name": "vpce-0c53bd8a6ab448921-oemhmxw5-eu-west-1b.dkr.ecr.eu-west-1.vpce.amazonaws.com",
                "hosted_zone_id": "Z38GZ743OKFT7T"
              },
              {
                "dns_name": "vpce-0c53bd8a6ab448921-oemhmxw5-eu-west-1a.dkr.ecr.eu-west-1.vpce.amazonaws.com",
                "hosted_zone_id": "Z38GZ743OKFT7T"
              },
              {
                "dns_name": "dkr.ecr.eu-west-1.amazonaws.com",
                "hosted_zone_id": "Z01519022YZM8B1P25NFT"
              },
              {
                "dns_name": "*.dkr.ecr.eu-west-1.amazonaws.com",
                "hosted_zone_id": "Z01519022YZM8B1P25NFT"
              },
              {
                "dns_name": "dkr-ecr.eu-west-1.on.aws",
                "hosted_zone_id": "Z0663199HA1NW0TUQL9N"
              },
              {
                "dns_name": "*.dkr-ecr.eu-west-1.on.aws",
                "hosted_zone_id": "Z0663199HA1NW0TUQL9N"
              }
            ],
            "dns_options": [
              {
                "dns_record_ip_type": "ipv4",
                "private_dns_only_for_inbound_resolver_endpoint": false
              }
            ],
            "id": "vpce-0c53bd8a6ab448921",
            "ip_address_type": "ipv4",
            "network_interface_ids": [
              "eni-00e6b407ef32b149b",
              "eni-0aefdcc990e93bce8"
            ],
            "owner_id": "753392824297",
            "policy": "{\"Statement\":[{\"Action\":\"*\",\"Effect\":\"Allow\",\"Principal\":\"*\",\"Resource\":\"*\"}]}",
            "prefix_list_id": null,
            "private_dns_enabled": true,
            "requester_managed": false,
            "resource_configuration_arn": "",
            "route_table_ids": [],
            "security_group_ids": [
              "sg-0a3649b13747f4026"
            ],
            "service_name": "com.amazonaws.eu-west-1.ecr.dkr",
            "service_network_arn": "",
            "service_region": "eu-west-1",
            "state": "available",
            "subnet_configuration": [
              {
                "ipv4": "10.0.3.83",
                "ipv6": "",
                "subnet_id": "subnet-090e649923d64806d"
              },
              {
                "ipv4": "10.0.4.149",
                "ipv6": "",
                "subnet_id": "subnet-05dce844be3911796"
              }
            ],
            "subnet_ids": [
              "subnet-05dce844be3911796",
              "subnet-090e649923d64806d"
            ],
            "tags": {
              "Environment": "dev",
              "Name": "peleg-ecr-dkr-endpoint"
            },
            "tags_all": {
              "Environment": "dev",
              "Name": "peleg-ecr-dkr-endpoint"
            },
            "timeouts": null,
            "vpc_endpoint_type": "Interface",
            "vpc_id": "vpc-0b6fb73f8c32e88c6"
          },
          "sensitive_attributes": [],
          "private": "eyJlMmJmYjczMC1lY2FhLTExZTYtOGY4OC0zNDM2M2JjN2M0YzAiOnsiY3JlYXRlIjo2MDAwMDAwMDAwMDAsImRlbGV0ZSI6NjAwMDAwMDAwMDAwLCJ1cGRhdGUiOjYwMDAwMDAwMDAwMH19",
          "dependencies": [
            "module.vpc.aws_security_group.vpc_endpoints",
            "module.vpc.aws_subnet.private",
            "module.vpc.aws_vpc.main",
            "module.vpc.data.aws_region.current"
          ]
        }
      ]
    },
    {
      "module": "module.vpc",
      "mode": "managed",
      "type": "aws_vpc_endpoint",
      "name": "s3",
      "provider": "provider[\"registry.terraform.io/hashicorp/aws\"]",
      "instances": [
        {
          "schema_version": 0,
          "attributes": {
            "arn": "arn:aws:ec2:eu-west-1:753392824297:vpc-endpoint/vpce-092f27442f4374708",
            "auto_accept": null,
            "cidr_blocks": [
              "3.5.64.0/21",
              "3.5.72.0/23",
              "52.92.0.0/17",
              "52.218.0.0/17"
            ],
            "dns_entry": [],
            "dns_options": [
              {
                "dns_record_ip_type": "service-defined",
                "private_dns_only_for_inbound_resolver_endpoint": false
              }
            ],
            "id": "vpce-092f27442f4374708",
            "ip_address_type": "ipv4",
            "network_interface_ids": [],
            "owner_id": "753392824297",
            "policy": "{\"Statement\":[{\"Action\":\"*\",\"Effect\":\"Allow\",\"Principal\":\"*\",\"Resource\":\"*\"}],\"Version\":\"2008-10-17\"}",
            "prefix_list_id": "pl-6da54004",
            "private_dns_enabled": false,
            "requester_managed": false,
            "resource_configuration_arn": "",
            "route_table_ids": [
              "rtb-0d43d1d2801925a19"
            ],
            "security_group_ids": [],
            "service_name": "com.amazonaws.eu-west-1.s3",
            "service_network_arn": "",
            "service_region": "eu-west-1",
            "state": "available",
            "subnet_configuration": [],
            "subnet_ids": [],
            "tags": {
              "Environment": "dev",
              "Name": "peleg-s3-endpoint"
            },
            "tags_all": {
              "Environment": "dev",
              "Name": "peleg-s3-endpoint"
            },
            "timeouts": null,
            "vpc_endpoint_type": "Gateway",
            "vpc_id": "vpc-0b6fb73f8c32e88c6"
          },
          "sensitive_attributes": [],
          "private": "eyJlMmJmYjczMC1lY2FhLTExZTYtOGY4OC0zNDM2M2JjN2M0YzAiOnsiY3JlYXRlIjo2MDAwMDAwMDAwMDAsImRlbGV0ZSI6NjAwMDAwMDAwMDAwLCJ1cGRhdGUiOjYwMDAwMDAwMDAwMH19",
          "dependencies": [
            "module.vpc.aws_route_table.private",
            "module.vpc.aws_vpc.main",
            "module.vpc.data.aws_region.current"
          ]
        }
      ]
    }
  ],
  "check_results": null
}
